
Microsoft Visual Studio Solution File, Format Version 12.00
# Visual Studio Version 17
VisualStudioVersion = 17.9.34607.119
MinimumVisualStudioVersion = 10.0.40219.1
Project("{FAE04EC0-301F-11D3-BF4B-00C04F79EFBC}") = "FinalProject", "FinalProject\FinalProject.csproj", "{21F7DF70-DE20-4949-8C94-479FF355EA16}"
EndProject
Project("{54435603-DBB4-11D2-8724-00A0C9A8B90C}") = "finalProjSetup", "finalProjSetup\finalProjSetup.vdproj", "{D65858BA-FAB6-40FA-8014-414411C9B742}"
EndProject
Global
	GlobalSection(SolutionConfigurationPlatforms) = preSolution
		Debug|Any CPU = Debug|Any CPU
		Release|Any CPU = Release|Any CPU
	EndGlobalSection
	GlobalSection(ProjectConfigurationPlatforms) = postSolution
		{21F7DF70-DE20-4949-8C94-479FF355EA16}.Debug|Any CPU.ActiveCfg = Debug|Any CPU
		{21F7DF70-DE20-4949-8C94-479FF355EA16}.Debug|Any CPU.Build.0 = Debug|Any CPU
		{21F7DF70-DE20-4949-8C94-479FF355EA16}.Release|Any CPU.ActiveCfg = Release|Any CPU
		{21F7DF70-DE20-4949-8C94-479FF355EA16}.Release|Any CPU.Build.0 = Release|Any CPU
		{D65858BA-FAB6-40FA-8014-414411C9B742}.Debug|Any CPU.ActiveCfg = Debug
		{D65858BA-FAB6-40FA-8014-414411C9B742}.Release|Any CPU.ActiveCfg = Release
	EndGlobalSection
	GlobalSection(SolutionProperties) = preSolution
		HideSolutionNode = FALSE
	EndGlobalSection
	GlobalSection(ExtensibilityGlobals) = postSolution
		SolutionGuid = {873298CC-EEC5-45EA-B9A9-0849E50ABF91}
	EndGlobalSection
EndGlobal
